
Microsoft Visual Studio Solution File, Format Version 12.00
# Visual Studio Version 16
VisualStudioVersion = 16.0.29926.136
MinimumVisualStudioVersion = 10.0.40219.1
Project("{9A19103F-16F7-4668-BE54-9A1E7A4F7556}") = "cleanpath", "cleanpath.csproj", "{97AB25E5-7984-41A7-BD3E-E11564B0AF7A}"
EndProject
Project("{2150E333-8FDC-42A3-9474-1A3956D46DE8}") = "Solution Items", "Solution Items", "{F9A19234-8248-4656-AE16-F97A4B157DF7}"
	ProjectSection(SolutionItems) = preProject
		.github\workflows\dotnet.yml = .github\workflows\dotnet.yml
	EndProjectSection
EndProject
Global
	GlobalSection(SolutionConfigurationPlatforms) = preSolution
		Debug|Any CPU = Debug|Any CPU
		Release|Any CPU = Release|Any CPU
	EndGlobalSection
	GlobalSection(ProjectConfigurationPlatforms) = postSolution
		{97AB25E5-7984-41A7-BD3E-E11564B0AF7A}.Debug|Any CPU.ActiveCfg = Debug|Any CPU
		{97AB25E5-7984-41A7-BD3E-E11564B0AF7A}.Debug|Any CPU.Build.0 = Debug|Any CPU
		{97AB25E5-7984-41A7-BD3E-E11564B0AF7A}.Release|Any CPU.ActiveCfg = Release|Any CPU
		{97AB25E5-7984-41A7-BD3E-E11564B0AF7A}.Release|Any CPU.Build.0 = Release|Any CPU
	EndGlobalSection
	GlobalSection(SolutionProperties) = preSolution
		HideSolutionNode = FALSE
	EndGlobalSection
	GlobalSection(ExtensibilityGlobals) = postSolution
		SolutionGuid = {5B88076B-EAAB-4972-A517-8CCD7B2C31B3}
	EndGlobalSection
EndGlobal
